Microsoft Visual Studio Solution File, Format Version 8.00
Project("{FAE04EC0-301F-11D3-BF4B-00C04F79EFBC}") = "PrincipalForWindowsMA", "PrincipalForWindowsMA.csproj", "{6912E92B-2BE2-45CF-B5DF-16591620AF02}"
	ProjectSection(ProjectDependencies) = postProject
	EndProjectSection
EndProject
Global
	GlobalSection(SolutionConfiguration) = preSolution
		Debug = Debug
		Release = Release
	EndGlobalSection
	GlobalSection(ProjectConfiguration) = postSolution
		{6912E92B-2BE2-45CF-B5DF-16591620AF02}.Debug.ActiveCfg = Debug|.NET
		{6912E92B-2BE2-45CF-B5DF-16591620AF02}.Debug.Build.0 = Debug|.NET
		{6912E92B-2BE2-45CF-B5DF-16591620AF02}.Release.ActiveCfg = Release|.NET
		{6912E92B-2BE2-45CF-B5DF-16591620AF02}.Release.Build.0 = Release|.NET
	EndGlobalSection
	GlobalSection(ExtensibilityGlobals) = postSolution
	EndGlobalSection
	GlobalSection(ExtensibilityAddIns) = postSolution
	EndGlobalSection
EndGlobal
