Microsoft Visual Studio Solution File, Format Version 10.00
# Visual Studio 2008
Project("{FAE04EC0-301F-11D3-BF4B-00C04F79EFBC}") = "ActiveDirectoryRE", "ActiveDirectoryRE.csproj", "{60A36566-EC5A-4CB1-B152-B4BF6BE52D69}"
EndProject
Global
	GlobalSection(SolutionConfigurationPlatforms) = preSolution
		Debug|Any CPU = Debug|Any CPU
		Release|Any CPU = Release|Any CPU
	EndGlobalSection
	GlobalSection(ProjectConfigurationPlatforms) = postSolution
		{60A36566-EC5A-4CB1-B152-B4BF6BE52D69}.Debug|Any CPU.ActiveCfg = Debug|Any CPU
		{60A36566-EC5A-4CB1-B152-B4BF6BE52D69}.Debug|Any CPU.Build.0 = Debug|Any CPU
		{60A36566-EC5A-4CB1-B152-B4BF6BE52D69}.Release|Any CPU.ActiveCfg = Release|Any CPU
		{60A36566-EC5A-4CB1-B152-B4BF6BE52D69}.Release|Any CPU.Build.0 = Release|Any CPU
	EndGlobalSection
	GlobalSection(SolutionProperties) = preSolution
		HideSolutionNode = FALSE
	EndGlobalSection
EndGlobal
