
Microsoft Visual Studio Solution File, Format Version 8.00
Project("{FAE04EC0-301F-11D3-BF4B-00C04F79EFBC}") = "BOPSRE", "BOPSRE.csproj", "{E8797D29-3934-4611-B5A9-BF30E6E5FCF1}"
	ProjectSection(ProjectDependencies) = postProject
	EndProjectSection
EndProject
Global
	GlobalSection(SolutionConfiguration) = preSolution
		Debug = Debug
		Release = Release
	EndGlobalSection
	GlobalSection(ProjectConfiguration) = postSolution
		{E8797D29-3934-4611-B5A9-BF30E6E5FCF1}.Debug.ActiveCfg = Debug|.NET
		{E8797D29-3934-4611-B5A9-BF30E6E5FCF1}.Debug.Build.0 = Debug|.NET
		{E8797D29-3934-4611-B5A9-BF30E6E5FCF1}.Release.ActiveCfg = Release|.NET
		{E8797D29-3934-4611-B5A9-BF30E6E5FCF1}.Release.Build.0 = Release|.NET
	EndGlobalSection
	GlobalSection(ExtensibilityGlobals) = postSolution
	EndGlobalSection
	GlobalSection(ExtensibilityAddIns) = postSolution
	EndGlobalSection
EndGlobal
