Microsoft Visual Studio Solution File, Format Version 10.00
# Visual Studio 2008
Project("{FAE04EC0-301F-11D3-BF4B-00C04F79EFBC}") = "PrincipalForWindowsMA", "PrincipalForWindowsMA.csproj", "{6912E92B-2BE2-45CF-B5DF-16591620AF02}"
EndProject
Global
	GlobalSection(SolutionConfigurationPlatforms) = preSolution
		Debug|Any CPU = Debug|Any CPU
		Release|Any CPU = Release|Any CPU
	EndGlobalSection
	GlobalSection(ProjectConfigurationPlatforms) = postSolution
		{6912E92B-2BE2-45CF-B5DF-16591620AF02}.Debug|Any CPU.ActiveCfg = Debug|Any CPU
		{6912E92B-2BE2-45CF-B5DF-16591620AF02}.Debug|Any CPU.Build.0 = Debug|Any CPU
		{6912E92B-2BE2-45CF-B5DF-16591620AF02}.Release|Any CPU.ActiveCfg = Release|Any CPU
		{6912E92B-2BE2-45CF-B5DF-16591620AF02}.Release|Any CPU.Build.0 = Release|Any CPU
	EndGlobalSection
	GlobalSection(SolutionProperties) = preSolution
		HideSolutionNode = FALSE
	EndGlobalSection
EndGlobal
