Microsoft Visual Studio Solution File, Format Version 8.00
Project("{FAE04EC0-301F-11D3-BF4B-00C04F79EFBC}") = "LegacyExchangeNonMigratedMailboxesRE", "LegacyExchangeNonMigratedMailboxesRE.csproj", "{C445E831-D8AE-4B85-B145-15FF60695773}"
	ProjectSection(ProjectDependencies) = postProject
	EndProjectSection
EndProject
Global
	GlobalSection(SolutionConfiguration) = preSolution
		Debug = Debug
		Release = Release
	EndGlobalSection
	GlobalSection(ProjectConfiguration) = postSolution
		{C445E831-D8AE-4B85-B145-15FF60695773}.Debug.ActiveCfg = Debug|.NET
		{C445E831-D8AE-4B85-B145-15FF60695773}.Debug.Build.0 = Debug|.NET
		{C445E831-D8AE-4B85-B145-15FF60695773}.Release.ActiveCfg = Release|.NET
		{C445E831-D8AE-4B85-B145-15FF60695773}.Release.Build.0 = Release|.NET
	EndGlobalSection
	GlobalSection(ExtensibilityGlobals) = postSolution
	EndGlobalSection
	GlobalSection(ExtensibilityAddIns) = postSolution
	EndGlobalSection
EndGlobal
